// !$*UTF8*$!
{
	archiveVersion = 1;
	classes = {
	};
	objectVersion = 50;
	objects = {

/* Begin PBXBuildFile section */
		8411EFBE21330A1F001E08BB /* AppDelegate.swift in Sources */ = {isa = PBXBuildFile; fileRef = 8411EFBD21330A1F001E08BB /* AppDelegate.swift */; };
		8411EFC021330A1F001E08BB /* SearchViewController.swift in Sources */ = {isa = PBXBuildFile; fileRef = 8411EFBF21330A1F001E08BB /* SearchViewController.swift */; };
		8411EFC321330A1F001E08BB /* Main.storyboard in Resources */ = {isa = PBXBuildFile; fileRef = 8411EFC121330A1F001E08BB /* Main.storyboard */; };
		8411EFC521330A20001E08BB /* Assets.xcassets in Resources */ = {isa = PBXBuildFile; fileRef = 8411EFC421330A20001E08BB /* Assets.xcassets */; };
		8411EFC821330A20001E08BB /* LaunchScreen.storyboard in Resources */ = {isa = PBXBuildFile; fileRef = 8411EFC621330A20001E08BB /* LaunchScreen.storyboard */; };
/* End PBXBuildFile section */

/* Begin PBXFileReference section */
		8411EFBA21330A1F001E08BB /* ItunesSearch.app */ = {isa = PBXFileReference; explicitFileType = wrapper.application; includeInIndex = 0; path = ItunesSearch.app; sourceTree = BUILT_PRODUCTS_DIR; };
		8411EFBD21330A1F001E08BB /* AppDelegate.swift */ = {isa = PBXFileReference; lastKnownFileType = sourcecode.swift; path = AppDelegate.swift; sourceTree = "<group>"; };
		8411EFBF21330A1F001E08BB /* SearchViewController.swift */ = {isa = PBXFileReference; lastKnownFileType = sourcecode.swift; path = SearchViewController.swift; sourceTree = "<group>"; };
		8411EFC221330A1F001E08BB /* Base */ = {isa = PBXFileReference; lastKnownFileType = file.storyboard; name = Base; path = Base.lproj/Main.storyboard; sourceTree = "<group>"; };
		8411EFC421330A20001E08BB /* Assets.xcassets */ = {isa = PBXFileReference; lastKnownFileType = folder.assetcatalog; path = Assets.xcassets; sourceTree = "<group>"; };
		8411EFC721330A20001E08BB /* Base */ = {isa = PBXFileReference; lastKnownFileType = file.storyboard; name = Base; path = Base.lproj/LaunchScreen.storyboard; sourceTree = "<group>"; };
		8411EFC921330A20001E08BB /* Info.plist */ = {isa = PBXFileReference; lastKnownFileType = text.plist.xml; path = Info.plist; sourceTree = "<group>"; };
/* End PBXFileReference section */

/* Begin PBXFrameworksBuildPhase section */
		8411EFB721330A1F001E08BB /* Frameworks */ = {
			isa = PBXFrameworksBuildPhase;
			buildActionMask = 2147483647;
			files = (
			);
			runOnlyForDeploymentPostprocessing = 0;
		};
/* End PBXFrameworksBuildPhase section */

/* Begin PBXGroup section */
		8411EFB121330A1F001E08BB = {
			isa = PBXGroup;
			children = (
				8411EFBC21330A1F001E08BB /* ItunesSearch */,
				8411EFBB21330A1F001E08BB /* Products */,
			);
			sourceTree = "<group>";
		};
		8411EFBB21330A1F001E08BB /* Products */ = {
			isa = PBXGroup;
			children = (
				8411EFBA21330A1F001E08BB /* ItunesSearch.app */,
			);
			name = Products;
			sourceTree = "<group>";
		};
		8411EFBC21330A1F001E08BB /* ItunesSearch */ = {
			isa = PBXGroup;
			children = (
				8411EFBD21330A1F001E08BB /* AppDelegate.swift */,
				8411EFD321331071001E08BB /* Services */,
				8411EFD62133111F001E08BB /* Models */,
				8411EFD22133105E001E08BB /* Controllers */,
				8411EFD121331033001E08BB /* Views */,
				8411EFD42133108B001E08BB /* Helpers */,
				8411EFD521331098001E08BB /* Storyboards+Nibs */,
				8411EFD021330FF9001E08BB /* Extensions */,
				8411EFCF21330F76001E08BB /* Suporting Files */,
				8411EFC421330A20001E08BB /* Assets.xcassets */,
			);
			path = ItunesSearch;
			sourceTree = "<group>";
		};
		8411EFCF21330F76001E08BB /* Suporting Files */ = {
			isa = PBXGroup;
			children = (
				8411EFC921330A20001E08BB /* Info.plist */,
			);
			path = "Suporting Files";
			sourceTree = "<group>";
		};
		8411EFD021330FF9001E08BB /* Extensions */ = {
			isa = PBXGroup;
			children = (
			);
			path = Extensions;
			sourceTree = "<group>";
		};
		8411EFD121331033001E08BB /* Views */ = {
			isa = PBXGroup;
			children = (
			);
			path = Views;
			sourceTree = "<group>";
		};
		8411EFD22133105E001E08BB /* Controllers */ = {
			isa = PBXGroup;
			children = (
				8411EFBF21330A1F001E08BB /* SearchViewController.swift */,
			);
			path = Controllers;
			sourceTree = "<group>";
		};
		8411EFD321331071001E08BB /* Services */ = {
			isa = PBXGroup;
			children = (
			);
			path = Services;
			sourceTree = "<group>";
		};
		8411EFD42133108B001E08BB /* Helpers */ = {
			isa = PBXGroup;
			children = (
			);
			path = Helpers;
			sourceTree = "<group>";
		};
		8411EFD521331098001E08BB /* Storyboards+Nibs */ = {
			isa = PBXGroup;
			children = (
				8411EFC121330A1F001E08BB /* Main.storyboard */,
				8411EFC621330A20001E08BB /* LaunchScreen.storyboard */,
			);
			path = "Storyboards+Nibs";
			sourceTree = "<group>";
		};
		8411EFD62133111F001E08BB /* Models */ = {
			isa = PBXGroup;
			children = (
			);
			path = Models;
			sourceTree = "<group>";
		};
/* End PBXGroup section */

/* Begin PBXNativeTarget section */
		8411EFB921330A1F001E08BB /* ItunesSearch */ = {
			isa = PBXNativeTarget;
			buildConfigurationList = 8411EFCC21330A20001E08BB /* Build configuration list for PBXNativeTarget "ItunesSearch" */;
			buildPhases = (
				8411EFB621330A1F001E08BB /* Sources */,
				8411EFB721330A1F001E08BB /* Frameworks */,
				8411EFB821330A1F001E08BB /* Resources */,
			);
			buildRules = (
			);
			dependencies = (
			);
			name = ItunesSearch;
			productName = ItunesSearch;
			productReference = 8411EFBA21330A1F001E08BB /* ItunesSearch.app */;
			productType = "com.apple.product-type.application";
		};
/* End PBXNativeTarget section */

/* Begin PBXProject section */
		8411EFB221330A1F001E08BB /* Project object */ = {
			isa = PBXProject;
			attributes = {
				LastSwiftUpdateCheck = 0940;
				LastUpgradeCheck = 0940;
				ORGANIZATIONNAME = "Iulia Sigida";
				TargetAttributes = {
					8411EFB921330A1F001E08BB = {
						CreatedOnToolsVersion = 9.4.1;
					};
				};
			};
			buildConfigurationList = 8411EFB521330A1F001E08BB /* Build configuration list for PBXProject "ItunesSearch" */;
			compatibilityVersion = "Xcode 9.3";
			developmentRegion = en;
			hasScannedForEncodings = 0;
			knownRegions = (
				en,
				Base,
			);
			mainGroup = 8411EFB121330A1F001E08BB;
			productRefGroup = 8411EFBB21330A1F001E08BB /* Products */;
			projectDirPath = "";
			projectRoot = "";
			targets = (
				8411EFB921330A1F001E08BB /* ItunesSearch */,
			);
		};
/* End PBXProject section */

/* Begin PBXResourcesBuildPhase section */
		8411EFB821330A1F001E08BB /* Resources */ = {
			isa = PBXResourcesBuildPhase;
			buildActionMask = 2147483647;
			files = (
				8411EFC821330A20001E08BB /* LaunchScreen.storyboard in Resources */,
				8411EFC521330A20001E08BB /* Assets.xcassets in Resources */,
				8411EFC321330A1F001E08BB /* Main.storyboard in Resources */,
			);
			runOnlyForDeploymentPostprocessing = 0;
		};
/* End PBXResourcesBuildPhase section */

/* Begin PBXSourcesBuildPhase section */
		8411EFB621330A1F001E08BB /* Sources */ = {
			isa = PBXSourcesBuildPhase;
			buildActionMask = 2147483647;
			files = (
				8411EFC021330A1F001E08BB /* SearchViewController.swift in Sources */,
				8411EFBE21330A1F001E08BB /* AppDelegate.swift in Sources */,
			);
			runOnlyForDeploymentPostprocessing = 0;
		};
/* End PBXSourcesBuildPhase section */

/* Begin PBXVariantGroup section */
		8411EFC121330A1F001E08BB /* Main.storyboard */ = {
			isa = PBXVariantGroup;
			children = (
				8411EFC221330A1F001E08BB /* Base */,
			);
			name = Main.storyboard;
			sourceTree = "<group>";
		};
		8411EFC621330A20001E08BB /* LaunchScreen.storyboard */ = {
			isa = PBXVariantGroup;
			children = (
				8411EFC721330A20001E08BB /* Base */,
			);
			name = LaunchScreen.storyboard;
			sourceTree = "<group>";
		};
/* End PBXVariantGroup section */

/* Begin XCBuildConfiguration section */
		8411EFCA21330A20001E08BB /* Debug */ = {
			isa = XCBuildConfiguration;
			buildSettings = {
				ALWAYS_SEARCH_USER_PATHS = NO;
				CLANG_ANALYZER_NONNULL = YES;
				CLANG_ANALYZER_NUMBER_OBJECT_CONVERSION = YES_AGGRESSIVE;
				CLANG_CXX_LANGUAGE_STANDARD = "gnu++14";
				CLANG_CXX_LIBRARY = "libc++";
				CLANG_ENABLE_MODULES = YES;
				CLANG_ENABLE_OBJC_ARC = YES;
				CLANG_ENABLE_OBJC_WEAK = YES;
				CLANG_WARN_BLOCK_CAPTURE_AUTORELEASING = YES;
				CLANG_WARN_BOOL_CONVERSION = YES;
				CLANG_WARN_COMMA = YES;
				CLANG_WARN_CONSTANT_CONVERSION = YES;
				CLANG_WARN_DEPRECATED_OBJC_IMPLEMENTATIONS = YES;
				CLANG_WARN_DIRECT_OBJC_ISA_USAGE = YES_ERROR;
				CLANG_WARN_DOCUMENTATION_COMMENTS = YES;
				CLANG_WARN_EMPTY_BODY = YES;
				CLANG_WARN_ENUM_CONVERSION = YES;
				CLANG_WARN_INFINITE_RECURSION = YES;
				CLANG_WARN_INT_CONVERSION = YES;
				CLANG_WARN_NON_LITERAL_NULL_CONVERSION = YES;
				CLANG_WARN_OBJC_IMPLICIT_RETAIN_SELF = YES;
				CLANG_WARN_OBJC_LITERAL_CONVERSION = YES;
				CLANG_WARN_OBJC_ROOT_CLASS = YES_ERROR;
				CLANG_WARN_RANGE_LOOP_ANALYSIS = YES;
				CLANG_WARN_STRICT_PROTOTYPES = YES;
				CLANG_WARN_SUSPICIOUS_MOVE = YES;
				CLANG_WARN_UNGUARDED_AVAILABILITY = YES_AGGRESSIVE;
				CLANG_WARN_UNREACHABLE_CODE = YES;
				CLANG_WARN__DUPLICATE_METHOD_MATCH = YES;
				CODE_SIGN_IDENTITY = "iPhone Developer";
				COPY_PHASE_STRIP = NO;
				DEBUG_INFORMATION_FORMAT = dwarf;
				ENABLE_STRICT_OBJC_MSGSEND = YES;
				ENABLE_TESTABILITY = YES;
				GCC_C_LANGUAGE_STANDARD = gnu11;
				GCC_DYNAMIC_NO_PIC = NO;
				GCC_NO_COMMON_BLOCKS = YES;
				GCC_OPTIMIZATION_LEVEL = 0;
				GCC_PREPROCESSOR_DEFINITIONS = (
					"DEBUG=1",
					"$(inherited)",
				);
				GCC_WARN_64_TO_32_BIT_CONVERSION = YES;
				GCC_WARN_ABOUT_RETURN_TYPE = YES_ERROR;
				GCC_WARN_UNDECLARED_SELECTOR = YES;
				GCC_WARN_UNINITIALIZED_AUTOS = YES_AGGRESSIVE;
				GCC_WARN_UNUSED_FUNCTION = YES;
				GCC_WARN_UNUSED_VARIABLE = YES;
				IPHONEOS_DEPLOYMENT_TARGET = 11.4;
				MTL_ENABLE_DEBUG_INFO = YES;
				ONLY_ACTIVE_ARCH = YES;
				SDKROOT = iphoneos;
				SWIFT_ACTIVE_COMPILATION_CONDITIONS = DEBUG;
				SWIFT_OPTIMIZATION_LEVEL = "-Onone";
			};
			name = Debug;
		};
		8411EFCB21330A20001E08BB /* Release */ = {
			isa = XCBuildConfiguration;
			buildSettings = {
				ALWAYS_SEARCH_USER_PATHS = NO;
				CLANG_ANALYZER_NONNULL = YES;
				CLANG_ANALYZER_NUMBER_OBJECT_CONVERSION = YES_AGGRESSIVE;
				CLANG_CXX_LANGUAGE_STANDARD = "gnu++14";
				CLANG_CXX_LIBRARY = "libc++";
				CLANG_ENABLE_MODULES = YES;
				CLANG_ENABLE_OBJC_ARC = YES;
				CLANG_ENABLE_OBJC_WEAK = YES;
				CLANG_WARN_BLOCK_CAPTURE_AUTORELEASING = YES;
				CLANG_WARN_BOOL_CONVERSION = YES;
				CLANG_WARN_COMMA = YES;
				CLANG_WARN_CONSTANT_CONVERSION = YES;
				CLANG_WARN_DEPRECATED_OBJC_IMPLEMENTATIONS = YES;
				CLANG_WARN_DIRECT_OBJC_ISA_USAGE = YES_ERROR;
				CLANG_WARN_DOCUMENTATION_COMMENTS = YES;
				CLANG_WARN_EMPTY_BODY = YES;
				CLANG_WARN_ENUM_CONVERSION = YES;
				CLANG_WARN_INFINITE_RECURSION = YES;
				CLANG_WARN_INT_CONVERSION = YES;
				CLANG_WARN_NON_LITERAL_NULL_CONVERSION = YES;
				CLANG_WARN_OBJC_IMPLICIT_RETAIN_SELF = YES;
				CLANG_WARN_OBJC_LITERAL_CONVERSION = YES;
				CLANG_WARN_OBJC_ROOT_CLASS = YES_ERROR;
				CLANG_WARN_RANGE_LOOP_ANALYSIS = YES;
				CLANG_WARN_STRICT_PROTOTYPES = YES;
				CLANG_WARN_SUSPICIOUS_MOVE = YES;
				CLANG_WARN_UNGUARDED_AVAILABILITY = YES_AGGRESSIVE;
				CLANG_WARN_UNREACHABLE_CODE = YES;
				CLANG_WARN__DUPLICATE_METHOD_MATCH = YES;
				CODE_SIGN_IDENTITY = "iPhone Developer";
				COPY_PHASE_STRIP = NO;
				DEBUG_INFORMATION_FORMAT = "dwarf-with-dsym";
				ENABLE_NS_ASSERTIONS = NO;
				ENABLE_STRICT_OBJC_MSGSEND = YES;
				GCC_C_LANGUAGE_STANDARD = gnu11;
				GCC_NO_COMMON_BLOCKS = YES;
				GCC_WARN_64_TO_32_BIT_CONVERSION = YES;
				GCC_WARN_ABOUT_RETURN_TYPE = YES_ERROR;
				GCC_WARN_UNDECLARED_SELECTOR = YES;
				GCC_WARN_UNINITIALIZED_AUTOS = YES_AGGRESSIVE;
				GCC_WARN_UNUSED_FUNCTION = YES;
				GCC_WARN_UNUSED_VARIABLE = YES;
				IPHONEOS_DEPLOYMENT_TARGET = 11.4;
				MTL_ENABLE_DEBUG_INFO = NO;
				SDKROOT = iphoneos;
				SWIFT_COMPILATION_MODE = wholemodule;
				SWIFT_OPTIMIZATION_LEVEL = "-O";
				VALIDATE_PRODUCT = YES;
			};
			name = Release;
		};
		8411EFCD21330A20001E08BB /* Debug */ = {
			isa = XCBuildConfiguration;
			buildSettings = {
				ASSETCATALOG_COMPILER_APPICON_NAME = AppIcon;
				CODE_SIGN_STYLE = Automatic;
				DEVELOPMENT_TEAM = 89UTVW5LMF;
				INFOPLIST_FILE = "$(SRCROOT)/ItunesSearch/Suporting Files/Info.plist";
				LD_RUNPATH_SEARCH_PATHS = (
					"$(inherited)",
					"@executable_path/Frameworks",
				);
				PRODUCT_BUNDLE_IDENTIFIER = com.IuliaSigida.ItunesSearchAlbum;
				PRODUCT_NAME = "$(TARGET_NAME)";
				SWIFT_VERSION = 4.0;
				TARGETED_DEVICE_FAMILY = "1,2";
			};
			name = Debug;
		};
		8411EFCE21330A20001E08BB /* Release */ = {
			isa = XCBuildConfiguration;
			buildSettings = {
				ASSETCATALOG_COMPILER_APPICON_NAME = AppIcon;
				CODE_SIGN_STYLE = Automatic;
				DEVELOPMENT_TEAM = 89UTVW5LMF;
				INFOPLIST_FILE = "$(SRCROOT)/ItunesSearch/Suporting Files/Info.plist";
				LD_RUNPATH_SEARCH_PATHS = (
					"$(inherited)",
					"@executable_path/Frameworks",
				);
				PRODUCT_BUNDLE_IDENTIFIER = com.IuliaSigida.ItunesSearchAlbum;
				PRODUCT_NAME = "$(TARGET_NAME)";
				SWIFT_VERSION = 4.0;
				TARGETED_DEVICE_FAMILY = "1,2";
			};
			name = Release;
		};
/* End XCBuildConfiguration section */

/* Begin XCConfigurationList section */
		8411EFB521330A1F001E08BB /* Build configuration list for PBXProject "ItunesSearch" */ = {
			isa = XCConfigurationList;
			buildConfigurations = (
				8411EFCA21330A20001E08BB /* Debug */,
				8411EFCB21330A20001E08BB /* Release */,
			);
			defaultConfigurationIsVisible = 0;
			defaultConfigurationName = Release;
		};
		8411EFCC21330A20001E08BB /* Build configuration list for PBXNativeTarget "ItunesSearch" */ = {
			isa = XCConfigurationList;
			buildConfigurations = (
				8411EFCD21330A20001E08BB /* Debug */,
				8411EFCE21330A20001E08BB /* Release */,
			);
			defaultConfigurationIsVisible = 0;
			defaultConfigurationName = Release;
		};
/* End XCConfigurationList section */
	};
	rootObject = 8411EFB221330A1F001E08BB /* Project object */;
}
